
Microsoft Visual Studio Solution File, Format Version 12.00
# Visual Studio 15
VisualStudioVersion = 15.0.28307.645
MinimumVisualStudioVersion = 10.0.40219.1
Project("{FAE04EC0-301F-11D3-BF4B-00C04F79EFBC}") = "May2021", "May2021\May2021.csproj", "{66B7042C-E4FB-47AB-AA5E-7A051D9AC843}"
EndProject
Global
	GlobalSection(SolutionConfigurationPlatforms) = preSolution
		Debug|Any CPU = Debug|Any CPU
		Release|Any CPU = Release|Any CPU
	EndGlobalSection
	GlobalSection(ProjectConfigurationPlatforms) = postSolution
		{66B7042C-E4FB-47AB-AA5E-7A051D9AC843}.Debug|Any CPU.ActiveCfg = Debug|Any CPU
		{66B7042C-E4FB-47AB-AA5E-7A051D9AC843}.Debug|Any CPU.Build.0 = Debug|Any CPU
		{66B7042C-E4FB-47AB-AA5E-7A051D9AC843}.Release|Any CPU.ActiveCfg = Release|Any CPU
		{66B7042C-E4FB-47AB-AA5E-7A051D9AC843}.Release|Any CPU.Build.0 = Release|Any CPU
	EndGlobalSection
	GlobalSection(SolutionProperties) = preSolution
		HideSolutionNode = FALSE
	EndGlobalSection
	GlobalSection(ExtensibilityGlobals) = postSolution
		SolutionGuid = {8D24D044-80EE-40FE-9D24-A75993EA738B}
	EndGlobalSection
EndGlobal
